
Microsoft Visual Studio Solution File, Format Version 12.00
# Visual Studio Version 17
VisualStudioVersion = 17.7.34031.279
MinimumVisualStudioVersion = 10.0.40219.1
Project("{FAE04EC0-301F-11D3-BF4B-00C04F79EFBC}") = "mycooking", "mycooking.csproj", "{A0E80722-0E38-46D6-A382-25D883814B7D}"
EndProject
Project("{FAE04EC0-301F-11D3-BF4B-00C04F79EFBC}") = "Models", "Models\Models.csproj", "{F1DA975B-25B0-4A28-B104-C8526173BC77}"
EndProject
Project("{FAE04EC0-301F-11D3-BF4B-00C04F79EFBC}") = "Connection", "Connection\Connection.csproj", "{B8332416-FE3B-4101-8151-3A83BD68BC72}"
EndProject
Global
	GlobalSection(SolutionConfigurationPlatforms) = preSolution
		Debug|Any CPU = Debug|Any CPU
		Debug|ARM = Debug|ARM
		Debug|ARM64 = Debug|ARM64
		Debug|x64 = Debug|x64
		Debug|x86 = Debug|x86
		Release|Any CPU = Release|Any CPU
		Release|ARM = Release|ARM
		Release|ARM64 = Release|ARM64
		Release|x64 = Release|x64
		Release|x86 = Release|x86
	EndGlobalSection
	GlobalSection(ProjectConfigurationPlatforms) = postSolution
		{A0E80722-0E38-46D6-A382-25D883814B7D}.Debug|Any CPU.ActiveCfg = Debug|x64
		{A0E80722-0E38-46D6-A382-25D883814B7D}.Debug|Any CPU.Build.0 = Debug|x64
		{A0E80722-0E38-46D6-A382-25D883814B7D}.Debug|Any CPU.Deploy.0 = Debug|x64
		{A0E80722-0E38-46D6-A382-25D883814B7D}.Debug|ARM.ActiveCfg = Debug|ARM
		{A0E80722-0E38-46D6-A382-25D883814B7D}.Debug|ARM.Build.0 = Debug|ARM
		{A0E80722-0E38-46D6-A382-25D883814B7D}.Debug|ARM.Deploy.0 = Debug|ARM
		{A0E80722-0E38-46D6-A382-25D883814B7D}.Debug|ARM64.ActiveCfg = Debug|ARM64
		{A0E80722-0E38-46D6-A382-25D883814B7D}.Debug|ARM64.Build.0 = Debug|ARM64
		{A0E80722-0E38-46D6-A382-25D883814B7D}.Debug|ARM64.Deploy.0 = Debug|ARM64
		{A0E80722-0E38-46D6-A382-25D883814B7D}.Debug|x64.ActiveCfg = Debug|x64
		{A0E80722-0E38-46D6-A382-25D883814B7D}.Debug|x64.Build.0 = Debug|x64
		{A0E80722-0E38-46D6-A382-25D883814B7D}.Debug|x64.Deploy.0 = Debug|x64
		{A0E80722-0E38-46D6-A382-25D883814B7D}.Debug|x86.ActiveCfg = Debug|x86
		{A0E80722-0E38-46D6-A382-25D883814B7D}.Debug|x86.Build.0 = Debug|x86
		{A0E80722-0E38-46D6-A382-25D883814B7D}.Debug|x86.Deploy.0 = Debug|x86
		{A0E80722-0E38-46D6-A382-25D883814B7D}.Release|Any CPU.ActiveCfg = Release|x64
		{A0E80722-0E38-46D6-A382-25D883814B7D}.Release|Any CPU.Build.0 = Release|x64
		{A0E80722-0E38-46D6-A382-25D883814B7D}.Release|Any CPU.Deploy.0 = Release|x64
		{A0E80722-0E38-46D6-A382-25D883814B7D}.Release|ARM.ActiveCfg = Release|ARM
		{A0E80722-0E38-46D6-A382-25D883814B7D}.Release|ARM.Build.0 = Release|ARM
		{A0E80722-0E38-46D6-A382-25D883814B7D}.Release|ARM.Deploy.0 = Release|ARM
		{A0E80722-0E38-46D6-A382-25D883814B7D}.Release|ARM64.ActiveCfg = Release|ARM64
		{A0E80722-0E38-46D6-A382-25D883814B7D}.Release|ARM64.Build.0 = Release|ARM64
		{A0E80722-0E38-46D6-A382-25D883814B7D}.Release|ARM64.Deploy.0 = Release|ARM64
		{A0E80722-0E38-46D6-A382-25D883814B7D}.Release|x64.ActiveCfg = Release|x64
		{A0E80722-0E38-46D6-A382-25D883814B7D}.Release|x64.Build.0 = Release|x64
		{A0E80722-0E38-46D6-A382-25D883814B7D}.Release|x64.Deploy.0 = Release|x64
		{A0E80722-0E38-46D6-A382-25D883814B7D}.Release|x86.ActiveCfg = Release|x86
		{A0E80722-0E38-46D6-A382-25D883814B7D}.Release|x86.Build.0 = Release|x86
		{A0E80722-0E38-46D6-A382-25D883814B7D}.Release|x86.Deploy.0 = Release|x86
		{F1DA975B-25B0-4A28-B104-C8526173BC77}.Debug|Any CPU.ActiveCfg = Debug|Any CPU
		{F1DA975B-25B0-4A28-B104-C8526173BC77}.Debug|Any CPU.Build.0 = Debug|Any CPU
		{F1DA975B-25B0-4A28-B104-C8526173BC77}.Debug|ARM.ActiveCfg = Debug|Any CPU
		{F1DA975B-25B0-4A28-B104-C8526173BC77}.Debug|ARM.Build.0 = Debug|Any CPU
		{F1DA975B-25B0-4A28-B104-C8526173BC77}.Debug|ARM64.ActiveCfg = Debug|Any CPU
		{F1DA975B-25B0-4A28-B104-C8526173BC77}.Debug|ARM64.Build.0 = Debug|Any CPU
		{F1DA975B-25B0-4A28-B104-C8526173BC77}.Debug|x64.ActiveCfg = Debug|Any CPU
		{F1DA975B-25B0-4A28-B104-C8526173BC77}.Debug|x64.Build.0 = Debug|Any CPU
		{F1DA975B-25B0-4A28-B104-C8526173BC77}.Debug|x86.ActiveCfg = Debug|Any CPU
		{F1DA975B-25B0-4A28-B104-C8526173BC77}.Debug|x86.Build.0 = Debug|Any CPU
		{F1DA975B-25B0-4A28-B104-C8526173BC77}.Release|Any CPU.ActiveCfg = Release|Any CPU
		{F1DA975B-25B0-4A28-B104-C8526173BC77}.Release|Any CPU.Build.0 = Release|Any CPU
		{F1DA975B-25B0-4A28-B104-C8526173BC77}.Release|ARM.ActiveCfg = Release|Any CPU
		{F1DA975B-25B0-4A28-B104-C8526173BC77}.Release|ARM.Build.0 = Release|Any CPU
		{F1DA975B-25B0-4A28-B104-C8526173BC77}.Release|ARM64.ActiveCfg = Release|Any CPU
		{F1DA975B-25B0-4A28-B104-C8526173BC77}.Release|ARM64.Build.0 = Release|Any CPU
		{F1DA975B-25B0-4A28-B104-C8526173BC77}.Release|x64.ActiveCfg = Release|Any CPU
		{F1DA975B-25B0-4A28-B104-C8526173BC77}.Release|x64.Build.0 = Release|Any CPU
		{F1DA975B-25B0-4A28-B104-C8526173BC77}.Release|x86.ActiveCfg = Release|Any CPU
		{F1DA975B-25B0-4A28-B104-C8526173BC77}.Release|x86.Build.0 = Release|Any CPU
		{B8332416-FE3B-4101-8151-3A83BD68BC72}.Debug|Any CPU.ActiveCfg = Debug|Any CPU
		{B8332416-FE3B-4101-8151-3A83BD68BC72}.Debug|Any CPU.Build.0 = Debug|Any CPU
		{B8332416-FE3B-4101-8151-3A83BD68BC72}.Debug|ARM.ActiveCfg = Debug|ARM
		{B8332416-FE3B-4101-8151-3A83BD68BC72}.Debug|ARM.Build.0 = Debug|ARM
		{B8332416-FE3B-4101-8151-3A83BD68BC72}.Debug|ARM64.ActiveCfg = Debug|ARM64
		{B8332416-FE3B-4101-8151-3A83BD68BC72}.Debug|ARM64.Build.0 = Debug|ARM64
		{B8332416-FE3B-4101-8151-3A83BD68BC72}.Debug|x64.ActiveCfg = Debug|x64
		{B8332416-FE3B-4101-8151-3A83BD68BC72}.Debug|x64.Build.0 = Debug|x64
		{B8332416-FE3B-4101-8151-3A83BD68BC72}.Debug|x86.ActiveCfg = Debug|x86
		{B8332416-FE3B-4101-8151-3A83BD68BC72}.Debug|x86.Build.0 = Debug|x86
		{B8332416-FE3B-4101-8151-3A83BD68BC72}.Release|Any CPU.ActiveCfg = Release|Any CPU
		{B8332416-FE3B-4101-8151-3A83BD68BC72}.Release|Any CPU.Build.0 = Release|Any CPU
		{B8332416-FE3B-4101-8151-3A83BD68BC72}.Release|ARM.ActiveCfg = Release|ARM
		{B8332416-FE3B-4101-8151-3A83BD68BC72}.Release|ARM.Build.0 = Release|ARM
		{B8332416-FE3B-4101-8151-3A83BD68BC72}.Release|ARM64.ActiveCfg = Release|ARM64
		{B8332416-FE3B-4101-8151-3A83BD68BC72}.Release|ARM64.Build.0 = Release|ARM64
		{B8332416-FE3B-4101-8151-3A83BD68BC72}.Release|x64.ActiveCfg = Release|x64
		{B8332416-FE3B-4101-8151-3A83BD68BC72}.Release|x64.Build.0 = Release|x64
		{B8332416-FE3B-4101-8151-3A83BD68BC72}.Release|x86.ActiveCfg = Release|x86
		{B8332416-FE3B-4101-8151-3A83BD68BC72}.Release|x86.Build.0 = Release|x86
	EndGlobalSection
	GlobalSection(SolutionProperties) = preSolution
		HideSolutionNode = FALSE
	EndGlobalSection
	GlobalSection(ExtensibilityGlobals) = postSolution
		SolutionGuid = {441DD59B-670C-4811-A29C-DC2538E538B8}
	EndGlobalSection
EndGlobal
